github.com/quagmt/udecimal v1.10.0 h1:r8VgL1ns0HruRrTX4aRRIE4J5FGdjd1sGRwG7eZGx7A=
github.com/quagmt/udecimal v1.10.0/go.mod h1:ScmJ/xTGZcEoYiyMMzgDLn79PEJHcMBiJ4NNRT3FirA=
github.com/quagmt/udecimal v1.10.1 h1:h4t88kp/x21hCdhRhzBNW9e7D50l7pLEc1iwIEsCB28=
github.com/quagmt/udecimal v1.10.1/go.mod h1:ScmJ/xTGZcEoYiyMMzgDLn79PEJHcMBiJ4NNRT3FirA=
